
Microsoft Visual Studio Solution File, Format Version 12.00
# Visual Studio 14
VisualStudioVersion = 14.0.25123.0
MinimumVisualStudioVersion = 10.0.40219.1
Project("{FAE04EC0-301F-11D3-BF4B-00C04F79EFBC}") = "SendInCorrespondenceConsole", "SendInCorrespondenceConsole\SendInCorrespondenceConsole.csproj", "{D5F3D7C4-7BBE-4F2E-ABDD-3A5B133A465C}"
EndProject
Project("{FAE04EC0-301F-11D3-BF4B-00C04F79EFBC}") = "SendInCorrespondence", "SendInCorrespondence\SendInCorrespondence.csproj", "{E0FE5D49-6658-416F-89B6-A0F6C80E0224}"
EndProject
Global
	GlobalSection(SolutionConfigurationPlatforms) = preSolution
		Debug|Any CPU = Debug|Any CPU
		Release|Any CPU = Release|Any CPU
	EndGlobalSection
	GlobalSection(ProjectConfigurationPlatforms) = postSolution
		{D5F3D7C4-7BBE-4F2E-ABDD-3A5B133A465C}.Debug|Any CPU.ActiveCfg = Debug|Any CPU
		{D5F3D7C4-7BBE-4F2E-ABDD-3A5B133A465C}.Debug|Any CPU.Build.0 = Debug|Any CPU
		{D5F3D7C4-7BBE-4F2E-ABDD-3A5B133A465C}.Release|Any CPU.ActiveCfg = Release|Any CPU
		{D5F3D7C4-7BBE-4F2E-ABDD-3A5B133A465C}.Release|Any CPU.Build.0 = Release|Any CPU
		{E0FE5D49-6658-416F-89B6-A0F6C80E0224}.Debug|Any CPU.ActiveCfg = Debug|Any CPU
		{E0FE5D49-6658-416F-89B6-A0F6C80E0224}.Debug|Any CPU.Build.0 = Debug|Any CPU
		{E0FE5D49-6658-416F-89B6-A0F6C80E0224}.Release|Any CPU.ActiveCfg = Release|Any CPU
		{E0FE5D49-6658-416F-89B6-A0F6C80E0224}.Release|Any CPU.Build.0 = Release|Any CPU
	EndGlobalSection
	GlobalSection(SolutionProperties) = preSolution
		HideSolutionNode = FALSE
	EndGlobalSection
EndGlobal
